
Microsoft Visual Studio Solution File, Format Version 12.00
# Visual Studio 2013
VisualStudioVersion = 12.0.21005.1
MinimumVisualStudioVersion = 10.0.40219.1
Project("{FAE04EC0-301F-11D3-BF4B-00C04F79EFBC}") = "Casino", "Casino\Casino.csproj", "{CEA41F9F-A37B-45D2-8304-55F3F9B42010}"
EndProject
Global
	GlobalSection(SolutionConfigurationPlatforms) = preSolution
		Debug|Any CPU = Debug|Any CPU
		Release|Any CPU = Release|Any CPU
	EndGlobalSection
	GlobalSection(ProjectConfigurationPlatforms) = postSolution
		{CEA41F9F-A37B-45D2-8304-55F3F9B42010}.Debug|Any CPU.ActiveCfg = Debug|Any CPU
		{CEA41F9F-A37B-45D2-8304-55F3F9B42010}.Debug|Any CPU.Build.0 = Debug|Any CPU
		{CEA41F9F-A37B-45D2-8304-55F3F9B42010}.Release|Any CPU.ActiveCfg = Release|Any CPU
		{CEA41F9F-A37B-45D2-8304-55F3F9B42010}.Release|Any CPU.Build.0 = Release|Any CPU
	EndGlobalSection
	GlobalSection(SolutionProperties) = preSolution
		HideSolutionNode = FALSE
	EndGlobalSection
EndGlobal
